# This file is automatically @generated by Cargo.
# It is not intended for manual editing.
version = 4

[[package]]
name = "latex2mathml"
version = "0.2.3"
source = "registry+https://github.com/rust-lang/crates.io-index"
checksum = "678cf5bdb3ba63a264e6e0c9eee36538ca1d2da0afa4dd801c1f96309e710765"

[[package]]
name = "libc"
version = "0.2.183"
source = "registry+https://github.com/rust-lang/crates.io-index"
checksum = "b5b646652bf6661599e1da8901b3b9522896f01e736bad5f723fe7a3a27f899d"

[[package]]
name = "rust_math_engine"
version = "0.1.0"
dependencies = [
 "latex2mathml",
 "libc",
]
